<?xml version="1.0" encoding="utf-8"?>
<Project ToolsVersion="4.0" xmlns="http://schemas.microsoft.com/developer/msbuild/2003">
  <ItemGroup>
    <Filter Include="Source Files">
      <UniqueIdentifier>{f95fbb07-ff32-45a3-82c2-1e9b4cc6f19d}</UniqueIdentifier>
      <Extensions>cpp;c;cxx;rc;def;r;odl;idl;hpj;bat</Extensions>
    </Filter>
    <Filter Include="Resource Files">
      <UniqueIdentifier>{825765a5-dcf7-4e72-bdbc-f36656b36974}</UniqueIdentifier>
      <Extensions>ico;cur;bmp;dlg;rc2;rct;bin;rgs;gif;jpg;jpeg;jpe</Extensions>
    </Filter>
    <Filter Include="Source Files\fister">
      <UniqueIdentifier>{2f4b22e2-744e-438b-9a60-cae2e22e5cd8}</UniqueIdentifier>
    </Filter>
  </ItemGroup>
  <ItemGroup>
    <ClCompile Include="AdvProperty.cpp">
      <Filter>Source Files</Filter>
    </ClCompile>
    <ClCompile Include="audio.cpp">
      <Filter>Source Files</Filter>
    </ClCompile>
    <ClCompile Include="AudioFormat.cpp">
      <Filter>Source Files</Filter>
    </ClCompile>
    <ClCompile Include="Conversion.cpp">
      <Filter>Source Files</Filter>
    </ClCompile>
    <ClCompile Include="MainFrm.cpp">
      <Filter>Source Files</Filter>
    </ClCompile>
    <ClCompile Include="MessageWnd.cpp">
      <Filter>Source Files</Filter>
    </ClCompile>
    <ClCompile Include="Picture.cpp">
      <Filter>Source Files</Filter>
    </ClCompile>
    <ClCompile Include="playplus.cpp">
      <Filter>Source Files</Filter>
    </ClCompile>
    <ClCompile Include="playplusDoc.cpp">
      <Filter>Source Files</Filter>
    </ClCompile>
    <ClCompile Include="playplusView.cpp">
      <Filter>Source Files</Filter>
    </ClCompile>
    <ClCompile Include="ProgressDlg.cpp">
      <Filter>Source Files</Filter>
    </ClCompile>
    <ClCompile Include="SlideToolBar.cpp">
      <Filter>Source Files</Filter>
    </ClCompile>
    <ClCompile Include="StdAfx.cpp">
      <Filter>Source Files</Filter>
    </ClCompile>
    <ClCompile Include="Conversion\WAVEIO.CPP">
      <Filter>Source Files</Filter>
    </ClCompile>
    <ClCompile Include="fister\Buffer.cpp">
      <Filter>Source Files\fister</Filter>
    </ClCompile>
    <ClCompile Include="fister\SoundBase.cpp">
      <Filter>Source Files\fister</Filter>
    </ClCompile>
    <ClCompile Include="fister\SoundFile.cpp">
      <Filter>Source Files\fister</Filter>
    </ClCompile>
    <ClCompile Include="fister\SoundOut.cpp">
      <Filter>Source Files\fister</Filter>
    </ClCompile>
    <ClCompile Include="fister\SoundIn.cpp">
      <Filter>Source Files\fister</Filter>
    </ClCompile>
  </ItemGroup>
  <ItemGroup>
    <ResourceCompile Include="Producer.rc">
      <Filter>Source Files</Filter>
    </ResourceCompile>
  </ItemGroup>
  <ItemGroup>
    <ClInclude Include="targetver.h">
      <Filter>Source Files</Filter>
    </ClInclude>
    <ClInclude Include="AdvProperty.h">
      <Filter>Source Files</Filter>
    </ClInclude>
    <ClInclude Include="AudioFormat.h">
      <Filter>Source Files</Filter>
    </ClInclude>
    <ClInclude Include="Conversion.h">
      <Filter>Source Files</Filter>
    </ClInclude>
    <ClInclude Include="MainFrm.h">
      <Filter>Source Files</Filter>
    </ClInclude>
    <ClInclude Include="playplus.h">
      <Filter>Source Files</Filter>
    </ClInclude>
    <ClInclude Include="playplusDoc.h">
      <Filter>Source Files</Filter>
    </ClInclude>
    <ClInclude Include="playplusView.h">
      <Filter>Source Files</Filter>
    </ClInclude>
    <ClInclude Include="ProgressDlg.h">
      <Filter>Source Files</Filter>
    </ClInclude>
    <ClInclude Include="Resource.h">
      <Filter>Source Files</Filter>
    </ClInclude>
    <ClInclude Include="SlideToolBar.h">
      <Filter>Source Files</Filter>
    </ClInclude>
    <ClInclude Include="StdAfx.h">
      <Filter>Source Files</Filter>
    </ClInclude>
    <ClInclude Include="fister\Buffer.h">
      <Filter>Source Files\fister</Filter>
    </ClInclude>
    <ClInclude Include="fister\SoundOut.h">
      <Filter>Source Files\fister</Filter>
    </ClInclude>
    <ClInclude Include="fister\SoundBase.h">
      <Filter>Source Files\fister</Filter>
    </ClInclude>
    <ClInclude Include="fister\SoundFile.h">
      <Filter>Source Files\fister</Filter>
    </ClInclude>
    <ClInclude Include="fister\SoundIn.h">
      <Filter>Source Files\fister</Filter>
    </ClInclude>
    <ClInclude Include="MessageWnd.h">
      <Filter>Source Files</Filter>
    </ClInclude>
  </ItemGroup>
  <ItemGroup>
    <None Include="res\bitmap3.bmp">
      <Filter>Resource Files</Filter>
    </None>
    <None Include="Player_banner.bmp">
      <Filter>Resource Files</Filter>
    </None>
    <None Include="..\GlobalResources\Player_icon.bmp">
      <Filter>Resource Files</Filter>
    </None>
    <None Include="..\GlobalResources\Player_logo.bmp">
      <Filter>Resource Files</Filter>
    </None>
    <None Include="Player_logo.bmp">
      <Filter>Resource Files</Filter>
    </None>
    <None Include="res\playplus.rc2">
      <Filter>Resource Files</Filter>
    </None>
    <None Include="Producer_banner.bmp">
      <Filter>Resource Files</Filter>
    </None>
    <None Include="..\GlobalResources\Producer_icon.bmp">
      <Filter>Resource Files</Filter>
    </None>
    <None Include="Producer_logo.bmp">
      <Filter>Resource Files</Filter>
    </None>
    <None Include="..\GlobalResources\Producer_logo.bmp">
      <Filter>Resource Files</Filter>
    </None>
    <None Include="Recorder.ico">
      <Filter>Resource Files</Filter>
    </None>
    <None Include="..\GlobalResources\Recorder.ico">
      <Filter>Resource Files</Filter>
    </None>
    <None Include="res\Toolbar.bmp">
      <Filter>Resource Files</Filter>
    </None>
    <None Include="res\toolbar1.bmp">
      <Filter>Resource Files</Filter>
    </None>
  </ItemGroup>
</Project>