Microsoft Visual Studio Solution File, Format Version 10.00
# Visual Studio 2008
Project("{8BC9CEB8-8B4A-11D0-8D11-00A0C91BC942}") = "Player", "Player\Player.vcproj", "{ACD5AE20-F9EA-4FAB-9765-9093200C719D}"
EndProject
Project("{8BC9CEB8-8B4A-11D0-8D11-00A0C91BC942}") = "Producer", "Producer\Producer.vcproj", "{FCB1A63A-8DE2-4DA9-AE48-B96DC640C716}"
EndProject
Project("{8BC9CEB8-8B4A-11D0-8D11-00A0C91BC942}") = "hook", "hook\hook.vcproj", "{F4C904B3-2F94-404B-9555-2A3EAA1E5EA6}"
EndProject
Project("{8BC9CEB8-8B4A-11D0-8D11-00A0C91BC942}") = "PlayerPlus", "PlayerPlus\playplus.vcproj", "{76FA275B-EEF6-420B-A7C1-61CEDEE5EF0E}"
EndProject
Project("{8BC9CEB8-8B4A-11D0-8D11-00A0C91BC942}") = "CxImage", "CxImage\CxImage\cximage.vcproj", "{03179307-E3E6-40EE-815D-5B6B305DBD09}"
	ProjectSection(ProjectDependencies) = postProject
		{EB5DAE08-55A0-413D-95C2-76AB86303B72} = {EB5DAE08-55A0-413D-95C2-76AB86303B72}
		{E60D7946-8A49-4B0C-BEC4-E95D8F390101} = {E60D7946-8A49-4B0C-BEC4-E95D8F390101}
		{0535A451-CA13-4BCD-B974-7624CCDFA682} = {0535A451-CA13-4BCD-B974-7624CCDFA682}
		{41891257-F1BE-4865-8A00-9EEC999769C7} = {41891257-F1BE-4865-8A00-9EEC999769C7}
		{0A8C55AD-4341-42D9-89D1-9ADF33175FD1} = {0A8C55AD-4341-42D9-89D1-9ADF33175FD1}
		{A180DBB2-D4A2-474A-A162-7DF47BCF86D6} = {A180DBB2-D4A2-474A-A162-7DF47BCF86D6}
		{6F31FBB5-3DD5-404F-B0F3-D080933EEA98} = {6F31FBB5-3DD5-404F-B0F3-D080933EEA98}
		{A3A78BD9-84A6-4015-937A-34435C310F2B} = {A3A78BD9-84A6-4015-937A-34435C310F2B}
	EndProjectSection
EndProject
Project("{8BC9CEB8-8B4A-11D0-8D11-00A0C91BC942}") = "jasper", "CxImage\jasper\jasper.vcproj", "{0535A451-CA13-4BCD-B974-7624CCDFA682}"
EndProject
Project("{8BC9CEB8-8B4A-11D0-8D11-00A0C91BC942}") = "jpeg", "CxImage\jpeg\Jpeg.vcproj", "{41891257-F1BE-4865-8A00-9EEC999769C7}"
EndProject
Project("{8BC9CEB8-8B4A-11D0-8D11-00A0C91BC942}") = "png", "CxImage\png\png.vcproj", "{A180DBB2-D4A2-474A-A162-7DF47BCF86D6}"
EndProject
Project("{8BC9CEB8-8B4A-11D0-8D11-00A0C91BC942}") = "tiff", "CxImage\tiff\Tiff.vcproj", "{A3A78BD9-84A6-4015-937A-34435C310F2B}"
EndProject
Project("{8BC9CEB8-8B4A-11D0-8D11-00A0C91BC942}") = "zlib", "CxImage\zlib\zlib.vcproj", "{0A8C55AD-4341-42D9-89D1-9ADF33175FD1}"
EndProject
Project("{8BC9CEB8-8B4A-11D0-8D11-00A0C91BC942}") = "CamCodec", "..\CamStudioCodec\camcodec.vcproj", "{EE246C7E-6ABE-4228-96ED-A44DE8B8C6D7}"
EndProject
Project("{8BC9CEB8-8B4A-11D0-8D11-00A0C91BC942}") = "Recorder", "Recorder\Recorder.vcproj", "{E6A9946A-612B-40A3-BCA3-FEF0B64B4B6C}"
	ProjectSection(ProjectDependencies) = postProject
		{03179307-E3E6-40EE-815D-5B6B305DBD09} = {03179307-E3E6-40EE-815D-5B6B305DBD09}
		{90BC3E7C-3D9B-4D95-9A6A-18DE32AE0208} = {90BC3E7C-3D9B-4D95-9A6A-18DE32AE0208}
		{F4C904B3-2F94-404B-9555-2A3EAA1E5EA6} = {F4C904B3-2F94-404B-9555-2A3EAA1E5EA6}
	EndProjectSection
EndProject
Project("{8BC9CEB8-8B4A-11D0-8D11-00A0C91BC942}") = "CamCommandLine", "..\CamStudioCommandline\CamStudioCommandline.vcproj", "{5AF4A6BD-43EF-4703-A79E-6047A9D2F1BE}"
EndProject
Project("{8BC9CEB8-8B4A-11D0-8D11-00A0C91BC942}") = "CamLib", "CamLib\CamLib.vcproj", "{90BC3E7C-3D9B-4D95-9A6A-18DE32AE0208}"
EndProject
Project("{8BC9CEB8-8B4A-11D0-8D11-00A0C91BC942}") = "mng", "CxImage\mng\mng.vcproj", "{E60D7946-8A49-4B0C-BEC4-E95D8F390101}"
EndProject
Project("{8BC9CEB8-8B4A-11D0-8D11-00A0C91BC942}") = "jbig", "CxImage\jbig\jbig.vcproj", "{6F31FBB5-3DD5-404F-B0F3-D080933EEA98}"
EndProject
Project("{8BC9CEB8-8B4A-11D0-8D11-00A0C91BC942}") = "libdcr", "CxImage\raw\libdcr.vcproj", "{EB5DAE08-55A0-413D-95C2-76AB86303B72}"
EndProject
Global
	GlobalSection(SolutionConfigurationPlatforms) = preSolution
		Debug|Win32 = Debug|Win32
		Release|Win32 = Release|Win32
		Unicode Debug|Win32 = Unicode Debug|Win32
		Unicode Release|Win32 = Unicode Release|Win32
	EndGlobalSection
	GlobalSection(ProjectConfigurationPlatforms) = postSolution
		{ACD5AE20-F9EA-4FAB-9765-9093200C719D}.Debug|Win32.ActiveCfg = Debug|Win32
		{ACD5AE20-F9EA-4FAB-9765-9093200C719D}.Debug|Win32.Build.0 = Debug|Win32
		{ACD5AE20-F9EA-4FAB-9765-9093200C719D}.Release|Win32.ActiveCfg = Release|Win32
		{ACD5AE20-F9EA-4FAB-9765-9093200C719D}.Release|Win32.Build.0 = Release|Win32
		{ACD5AE20-F9EA-4FAB-9765-9093200C719D}.Unicode Debug|Win32.ActiveCfg = Debug|Win32
		{ACD5AE20-F9EA-4FAB-9765-9093200C719D}.Unicode Debug|Win32.Build.0 = Debug|Win32
		{ACD5AE20-F9EA-4FAB-9765-9093200C719D}.Unicode Release|Win32.ActiveCfg = Release|Win32
		{ACD5AE20-F9EA-4FAB-9765-9093200C719D}.Unicode Release|Win32.Build.0 = Release|Win32
		{FCB1A63A-8DE2-4DA9-AE48-B96DC640C716}.Debug|Win32.ActiveCfg = Debug|Win32
		{FCB1A63A-8DE2-4DA9-AE48-B96DC640C716}.Debug|Win32.Build.0 = Debug|Win32
		{FCB1A63A-8DE2-4DA9-AE48-B96DC640C716}.Release|Win32.ActiveCfg = Release|Win32
		{FCB1A63A-8DE2-4DA9-AE48-B96DC640C716}.Release|Win32.Build.0 = Release|Win32
		{FCB1A63A-8DE2-4DA9-AE48-B96DC640C716}.Unicode Debug|Win32.ActiveCfg = Debug|Win32
		{FCB1A63A-8DE2-4DA9-AE48-B96DC640C716}.Unicode Debug|Win32.Build.0 = Debug|Win32
		{FCB1A63A-8DE2-4DA9-AE48-B96DC640C716}.Unicode Release|Win32.ActiveCfg = Release|Win32
		{FCB1A63A-8DE2-4DA9-AE48-B96DC640C716}.Unicode Release|Win32.Build.0 = Release|Win32
		{F4C904B3-2F94-404B-9555-2A3EAA1E5EA6}.Debug|Win32.ActiveCfg = Debug|Win32
		{F4C904B3-2F94-404B-9555-2A3EAA1E5EA6}.Debug|Win32.Build.0 = Debug|Win32
		{F4C904B3-2F94-404B-9555-2A3EAA1E5EA6}.Release|Win32.ActiveCfg = Release|Win32
		{F4C904B3-2F94-404B-9555-2A3EAA1E5EA6}.Release|Win32.Build.0 = Release|Win32
		{F4C904B3-2F94-404B-9555-2A3EAA1E5EA6}.Unicode Debug|Win32.ActiveCfg = Debug|Win32
		{F4C904B3-2F94-404B-9555-2A3EAA1E5EA6}.Unicode Debug|Win32.Build.0 = Debug|Win32
		{F4C904B3-2F94-404B-9555-2A3EAA1E5EA6}.Unicode Release|Win32.ActiveCfg = Release|Win32
		{F4C904B3-2F94-404B-9555-2A3EAA1E5EA6}.Unicode Release|Win32.Build.0 = Release|Win32
		{76FA275B-EEF6-420B-A7C1-61CEDEE5EF0E}.Debug|Win32.ActiveCfg = Debug|Win32
		{76FA275B-EEF6-420B-A7C1-61CEDEE5EF0E}.Debug|Win32.Build.0 = Debug|Win32
		{76FA275B-EEF6-420B-A7C1-61CEDEE5EF0E}.Release|Win32.ActiveCfg = Release|Win32
		{76FA275B-EEF6-420B-A7C1-61CEDEE5EF0E}.Release|Win32.Build.0 = Release|Win32
		{76FA275B-EEF6-420B-A7C1-61CEDEE5EF0E}.Unicode Debug|Win32.ActiveCfg = Debug|Win32
		{76FA275B-EEF6-420B-A7C1-61CEDEE5EF0E}.Unicode Debug|Win32.Build.0 = Debug|Win32
		{76FA275B-EEF6-420B-A7C1-61CEDEE5EF0E}.Unicode Release|Win32.ActiveCfg = Release|Win32
		{76FA275B-EEF6-420B-A7C1-61CEDEE5EF0E}.Unicode Release|Win32.Build.0 = Release|Win32
		{03179307-E3E6-40EE-815D-5B6B305DBD09}.Debug|Win32.ActiveCfg = Debug|Win32
		{03179307-E3E6-40EE-815D-5B6B305DBD09}.Debug|Win32.Build.0 = Debug|Win32
		{03179307-E3E6-40EE-815D-5B6B305DBD09}.Release|Win32.ActiveCfg = Release|Win32
		{03179307-E3E6-40EE-815D-5B6B305DBD09}.Release|Win32.Build.0 = Release|Win32
		{03179307-E3E6-40EE-815D-5B6B305DBD09}.Unicode Debug|Win32.ActiveCfg = Unicode Debug|Win32
		{03179307-E3E6-40EE-815D-5B6B305DBD09}.Unicode Debug|Win32.Build.0 = Unicode Debug|Win32
		{03179307-E3E6-40EE-815D-5B6B305DBD09}.Unicode Release|Win32.ActiveCfg = Unicode Release|Win32
		{03179307-E3E6-40EE-815D-5B6B305DBD09}.Unicode Release|Win32.Build.0 = Unicode Release|Win32
		{0535A451-CA13-4BCD-B974-7624CCDFA682}.Debug|Win32.ActiveCfg = Debug|Win32
		{0535A451-CA13-4BCD-B974-7624CCDFA682}.Debug|Win32.Build.0 = Debug|Win32
		{0535A451-CA13-4BCD-B974-7624CCDFA682}.Release|Win32.ActiveCfg = Release|Win32
		{0535A451-CA13-4BCD-B974-7624CCDFA682}.Release|Win32.Build.0 = Release|Win32
		{0535A451-CA13-4BCD-B974-7624CCDFA682}.Unicode Debug|Win32.ActiveCfg = Unicode Debug|Win32
		{0535A451-CA13-4BCD-B974-7624CCDFA682}.Unicode Debug|Win32.Build.0 = Unicode Debug|Win32
		{0535A451-CA13-4BCD-B974-7624CCDFA682}.Unicode Release|Win32.ActiveCfg = Unicode Release|Win32
		{0535A451-CA13-4BCD-B974-7624CCDFA682}.Unicode Release|Win32.Build.0 = Unicode Release|Win32
		{41891257-F1BE-4865-8A00-9EEC999769C7}.Debug|Win32.ActiveCfg = Debug|Win32
		{41891257-F1BE-4865-8A00-9EEC999769C7}.Debug|Win32.Build.0 = Debug|Win32
		{41891257-F1BE-4865-8A00-9EEC999769C7}.Release|Win32.ActiveCfg = Release|Win32
		{41891257-F1BE-4865-8A00-9EEC999769C7}.Release|Win32.Build.0 = Release|Win32
		{41891257-F1BE-4865-8A00-9EEC999769C7}.Unicode Debug|Win32.ActiveCfg = Unicode Debug|Win32
		{41891257-F1BE-4865-8A00-9EEC999769C7}.Unicode Debug|Win32.Build.0 = Unicode Debug|Win32
		{41891257-F1BE-4865-8A00-9EEC999769C7}.Unicode Release|Win32.ActiveCfg = Unicode Release|Win32
		{41891257-F1BE-4865-8A00-9EEC999769C7}.Unicode Release|Win32.Build.0 = Unicode Release|Win32
		{A180DBB2-D4A2-474A-A162-7DF47BCF86D6}.Debug|Win32.ActiveCfg = Debug|Win32
		{A180DBB2-D4A2-474A-A162-7DF47BCF86D6}.Debug|Win32.Build.0 = Debug|Win32
		{A180DBB2-D4A2-474A-A162-7DF47BCF86D6}.Release|Win32.ActiveCfg = Release|Win32
		{A180DBB2-D4A2-474A-A162-7DF47BCF86D6}.Release|Win32.Build.0 = Release|Win32
		{A180DBB2-D4A2-474A-A162-7DF47BCF86D6}.Unicode Debug|Win32.ActiveCfg = Unicode Debug|Win32
		{A180DBB2-D4A2-474A-A162-7DF47BCF86D6}.Unicode Debug|Win32.Build.0 = Unicode Debug|Win32
		{A180DBB2-D4A2-474A-A162-7DF47BCF86D6}.Unicode Release|Win32.ActiveCfg = Unicode Release|Win32
		{A180DBB2-D4A2-474A-A162-7DF47BCF86D6}.Unicode Release|Win32.Build.0 = Unicode Release|Win32
		{A3A78BD9-84A6-4015-937A-34435C310F2B}.Debug|Win32.ActiveCfg = Debug|Win32
		{A3A78BD9-84A6-4015-937A-34435C310F2B}.Debug|Win32.Build.0 = Debug|Win32
		{A3A78BD9-84A6-4015-937A-34435C310F2B}.Release|Win32.ActiveCfg = Release|Win32
		{A3A78BD9-84A6-4015-937A-34435C310F2B}.Release|Win32.Build.0 = Release|Win32
		{A3A78BD9-84A6-4015-937A-34435C310F2B}.Unicode Debug|Win32.ActiveCfg = Unicode Debug|Win32
		{A3A78BD9-84A6-4015-937A-34435C310F2B}.Unicode Debug|Win32.Build.0 = Unicode Debug|Win32
		{A3A78BD9-84A6-4015-937A-34435C310F2B}.Unicode Release|Win32.ActiveCfg = Unicode Release|Win32
		{A3A78BD9-84A6-4015-937A-34435C310F2B}.Unicode Release|Win32.Build.0 = Unicode Release|Win32
		{0A8C55AD-4341-42D9-89D1-9ADF33175FD1}.Debug|Win32.ActiveCfg = Debug|Win32
		{0A8C55AD-4341-42D9-89D1-9ADF33175FD1}.Debug|Win32.Build.0 = Debug|Win32
		{0A8C55AD-4341-42D9-89D1-9ADF33175FD1}.Release|Win32.ActiveCfg = Release|Win32
		{0A8C55AD-4341-42D9-89D1-9ADF33175FD1}.Release|Win32.Build.0 = Release|Win32
		{0A8C55AD-4341-42D9-89D1-9ADF33175FD1}.Unicode Debug|Win32.ActiveCfg = Unicode Debug|Win32
		{0A8C55AD-4341-42D9-89D1-9ADF33175FD1}.Unicode Debug|Win32.Build.0 = Unicode Debug|Win32
		{0A8C55AD-4341-42D9-89D1-9ADF33175FD1}.Unicode Release|Win32.ActiveCfg = Unicode Release|Win32
		{0A8C55AD-4341-42D9-89D1-9ADF33175FD1}.Unicode Release|Win32.Build.0 = Unicode Release|Win32
		{EE246C7E-6ABE-4228-96ED-A44DE8B8C6D7}.Debug|Win32.ActiveCfg = Debug|Win32
		{EE246C7E-6ABE-4228-96ED-A44DE8B8C6D7}.Debug|Win32.Build.0 = Debug|Win32
		{EE246C7E-6ABE-4228-96ED-A44DE8B8C6D7}.Release|Win32.ActiveCfg = Release|Win32
		{EE246C7E-6ABE-4228-96ED-A44DE8B8C6D7}.Release|Win32.Build.0 = Release|Win32
		{EE246C7E-6ABE-4228-96ED-A44DE8B8C6D7}.Unicode Debug|Win32.ActiveCfg = Debug|Win32
		{EE246C7E-6ABE-4228-96ED-A44DE8B8C6D7}.Unicode Debug|Win32.Build.0 = Debug|Win32
		{EE246C7E-6ABE-4228-96ED-A44DE8B8C6D7}.Unicode Release|Win32.ActiveCfg = Release|Win32
		{EE246C7E-6ABE-4228-96ED-A44DE8B8C6D7}.Unicode Release|Win32.Build.0 = Release|Win32
		{E6A9946A-612B-40A3-BCA3-FEF0B64B4B6C}.Debug|Win32.ActiveCfg = Debug|Win32
		{E6A9946A-612B-40A3-BCA3-FEF0B64B4B6C}.Debug|Win32.Build.0 = Debug|Win32
		{E6A9946A-612B-40A3-BCA3-FEF0B64B4B6C}.Release|Win32.ActiveCfg = Release|Win32
		{E6A9946A-612B-40A3-BCA3-FEF0B64B4B6C}.Release|Win32.Build.0 = Release|Win32
		{E6A9946A-612B-40A3-BCA3-FEF0B64B4B6C}.Unicode Debug|Win32.ActiveCfg = Debug|Win32
		{E6A9946A-612B-40A3-BCA3-FEF0B64B4B6C}.Unicode Debug|Win32.Build.0 = Debug|Win32
		{E6A9946A-612B-40A3-BCA3-FEF0B64B4B6C}.Unicode Release|Win32.ActiveCfg = Release|Win32
		{E6A9946A-612B-40A3-BCA3-FEF0B64B4B6C}.Unicode Release|Win32.Build.0 = Release|Win32
		{5AF4A6BD-43EF-4703-A79E-6047A9D2F1BE}.Debug|Win32.ActiveCfg = Debug|Win32
		{5AF4A6BD-43EF-4703-A79E-6047A9D2F1BE}.Debug|Win32.Build.0 = Debug|Win32
		{5AF4A6BD-43EF-4703-A79E-6047A9D2F1BE}.Release|Win32.ActiveCfg = Release|Win32
		{5AF4A6BD-43EF-4703-A79E-6047A9D2F1BE}.Release|Win32.Build.0 = Release|Win32
		{5AF4A6BD-43EF-4703-A79E-6047A9D2F1BE}.Unicode Debug|Win32.ActiveCfg = Debug|Win32
		{5AF4A6BD-43EF-4703-A79E-6047A9D2F1BE}.Unicode Debug|Win32.Build.0 = Debug|Win32
		{5AF4A6BD-43EF-4703-A79E-6047A9D2F1BE}.Unicode Release|Win32.ActiveCfg = Release|Win32
		{5AF4A6BD-43EF-4703-A79E-6047A9D2F1BE}.Unicode Release|Win32.Build.0 = Release|Win32
		{90BC3E7C-3D9B-4D95-9A6A-18DE32AE0208}.Debug|Win32.ActiveCfg = Debug|Win32
		{90BC3E7C-3D9B-4D95-9A6A-18DE32AE0208}.Debug|Win32.Build.0 = Debug|Win32
		{90BC3E7C-3D9B-4D95-9A6A-18DE32AE0208}.Release|Win32.ActiveCfg = Release|Win32
		{90BC3E7C-3D9B-4D95-9A6A-18DE32AE0208}.Release|Win32.Build.0 = Release|Win32
		{90BC3E7C-3D9B-4D95-9A6A-18DE32AE0208}.Unicode Debug|Win32.ActiveCfg = Debug|Win32
		{90BC3E7C-3D9B-4D95-9A6A-18DE32AE0208}.Unicode Debug|Win32.Build.0 = Debug|Win32
		{90BC3E7C-3D9B-4D95-9A6A-18DE32AE0208}.Unicode Release|Win32.ActiveCfg = Release|Win32
		{90BC3E7C-3D9B-4D95-9A6A-18DE32AE0208}.Unicode Release|Win32.Build.0 = Release|Win32
		{E60D7946-8A49-4B0C-BEC4-E95D8F390101}.Debug|Win32.ActiveCfg = Debug|Win32
		{E60D7946-8A49-4B0C-BEC4-E95D8F390101}.Debug|Win32.Build.0 = Debug|Win32
		{E60D7946-8A49-4B0C-BEC4-E95D8F390101}.Release|Win32.ActiveCfg = Release|Win32
		{E60D7946-8A49-4B0C-BEC4-E95D8F390101}.Release|Win32.Build.0 = Release|Win32
		{E60D7946-8A49-4B0C-BEC4-E95D8F390101}.Unicode Debug|Win32.ActiveCfg = Unicode Debug|Win32
		{E60D7946-8A49-4B0C-BEC4-E95D8F390101}.Unicode Debug|Win32.Build.0 = Unicode Debug|Win32
		{E60D7946-8A49-4B0C-BEC4-E95D8F390101}.Unicode Release|Win32.ActiveCfg = Unicode Release|Win32
		{E60D7946-8A49-4B0C-BEC4-E95D8F390101}.Unicode Release|Win32.Build.0 = Unicode Release|Win32
		{6F31FBB5-3DD5-404F-B0F3-D080933EEA98}.Debug|Win32.ActiveCfg = Debug|Win32
		{6F31FBB5-3DD5-404F-B0F3-D080933EEA98}.Debug|Win32.Build.0 = Debug|Win32
		{6F31FBB5-3DD5-404F-B0F3-D080933EEA98}.Release|Win32.ActiveCfg = Release|Win32
		{6F31FBB5-3DD5-404F-B0F3-D080933EEA98}.Release|Win32.Build.0 = Release|Win32
		{6F31FBB5-3DD5-404F-B0F3-D080933EEA98}.Unicode Debug|Win32.ActiveCfg = Unicode Debug|Win32
		{6F31FBB5-3DD5-404F-B0F3-D080933EEA98}.Unicode Debug|Win32.Build.0 = Unicode Debug|Win32
		{6F31FBB5-3DD5-404F-B0F3-D080933EEA98}.Unicode Release|Win32.ActiveCfg = Unicode Release|Win32
		{6F31FBB5-3DD5-404F-B0F3-D080933EEA98}.Unicode Release|Win32.Build.0 = Unicode Release|Win32
		{EB5DAE08-55A0-413D-95C2-76AB86303B72}.Debug|Win32.ActiveCfg = Debug|Win32
		{EB5DAE08-55A0-413D-95C2-76AB86303B72}.Debug|Win32.Build.0 = Debug|Win32
		{EB5DAE08-55A0-413D-95C2-76AB86303B72}.Release|Win32.ActiveCfg = Release|Win32
		{EB5DAE08-55A0-413D-95C2-76AB86303B72}.Release|Win32.Build.0 = Release|Win32
		{EB5DAE08-55A0-413D-95C2-76AB86303B72}.Unicode Debug|Win32.ActiveCfg = Unicode Debug|Win32
		{EB5DAE08-55A0-413D-95C2-76AB86303B72}.Unicode Debug|Win32.Build.0 = Unicode Debug|Win32
		{EB5DAE08-55A0-413D-95C2-76AB86303B72}.Unicode Release|Win32.ActiveCfg = Unicode Release|Win32
		{EB5DAE08-55A0-413D-95C2-76AB86303B72}.Unicode Release|Win32.Build.0 = Unicode Release|Win32
	EndGlobalSection
	GlobalSection(SolutionProperties) = preSolution
		HideSolutionNode = FALSE
	EndGlobalSection
EndGlobal
