Microsoft Visual Studio Solution File, Format Version 10.00
# Visual Studio 2008
Project("{8BC9CEB8-8B4A-11D0-8D11-00A0C91BC942}") = "Player", "Player\Player.vcproj", "{ACD5AE20-F9EA-4FAB-9765-9093200C719D}"
EndProject
Project("{8BC9CEB8-8B4A-11D0-8D11-00A0C91BC942}") = "Producer", "Producer\Producer.vcproj", "{FCB1A63A-8DE2-4DA9-AE48-B96DC640C716}"
EndProject
Project("{8BC9CEB8-8B4A-11D0-8D11-00A0C91BC942}") = "hook", "hook\hook.vcproj", "{F4C904B3-2F94-404B-9555-2A3EAA1E5EA6}"
EndProject
Project("{8BC9CEB8-8B4A-11D0-8D11-00A0C91BC942}") = "playplus", "PlayerPlus\playplus.vcproj", "{76FA275B-EEF6-420B-A7C1-61CEDEE5EF0E}"
EndProject
Project("{8BC9CEB8-8B4A-11D0-8D11-00A0C91BC942}") = "vscap", "vscap.vcproj", "{1FFF3225-865D-4B14-A579-794547E26F79}"
	ProjectSection(ProjectDependencies) = postProject
		{A9F1DC57-4FBD-4E58-B838-C3A850173C6F} = {A9F1DC57-4FBD-4E58-B838-C3A850173C6F}
		{90BC3E7C-3D9B-4D95-9A6A-18DE32AE0208} = {90BC3E7C-3D9B-4D95-9A6A-18DE32AE0208}
		{F4C904B3-2F94-404B-9555-2A3EAA1E5EA6} = {F4C904B3-2F94-404B-9555-2A3EAA1E5EA6}
	EndProjectSection
EndProject
Project("{8BC9CEB8-8B4A-11D0-8D11-00A0C91BC942}") = "CxImage", "cximage\CxImage\cximage.vcproj", "{A9F1DC57-4FBD-4E58-B838-C3A850173C6F}"
	ProjectSection(ProjectDependencies) = postProject
		{FDE06A07-5884-4B57-BDF8-CE61E6E6FF93} = {FDE06A07-5884-4B57-BDF8-CE61E6E6FF93}
		{9A6A7E4A-9C83-45AF-84ED-D9B75B67D307} = {9A6A7E4A-9C83-45AF-84ED-D9B75B67D307}
		{2F0DE34F-6E8C-45C9-B9F5-E30D4704E521} = {2F0DE34F-6E8C-45C9-B9F5-E30D4704E521}
		{142F9885-2394-4272-853E-30DDE221C947} = {142F9885-2394-4272-853E-30DDE221C947}
		{34AFFBAD-97A0-4755-9175-1A42877F4BEE} = {34AFFBAD-97A0-4755-9175-1A42877F4BEE}
	EndProjectSection
EndProject
Project("{8BC9CEB8-8B4A-11D0-8D11-00A0C91BC942}") = "jasper", "cximage\jasper\jasper.vcproj", "{34AFFBAD-97A0-4755-9175-1A42877F4BEE}"
EndProject
Project("{8BC9CEB8-8B4A-11D0-8D11-00A0C91BC942}") = "Jpeg", "cximage\jpeg\Jpeg.vcproj", "{142F9885-2394-4272-853E-30DDE221C947}"
EndProject
Project("{8BC9CEB8-8B4A-11D0-8D11-00A0C91BC942}") = "png", "cximage\png\png.vcproj", "{FDE06A07-5884-4B57-BDF8-CE61E6E6FF93}"
EndProject
Project("{8BC9CEB8-8B4A-11D0-8D11-00A0C91BC942}") = "Tiff", "cximage\tiff\Tiff.vcproj", "{2F0DE34F-6E8C-45C9-B9F5-E30D4704E521}"
EndProject
Project("{8BC9CEB8-8B4A-11D0-8D11-00A0C91BC942}") = "zlib", "cximage\zlib\zlib.vcproj", "{9A6A7E4A-9C83-45AF-84ED-D9B75B67D307}"
EndProject
Project("{8BC9CEB8-8B4A-11D0-8D11-00A0C91BC942}") = "camstudio_cl", "..\camstudio_cl\camstudio_cl.vcproj", "{5AF4A6BD-43EF-4703-A79E-6047A9D2F1BE}"
EndProject
Project("{8BC9CEB8-8B4A-11D0-8D11-00A0C91BC942}") = "camcodec", "..\CamStudioCodec\camcodec.vcproj", "{778EF32F-8C50-4856-8810-94A61A17A168}"
EndProject
Project("{8BC9CEB8-8B4A-11D0-8D11-00A0C91BC942}") = "CStudioLib", "CStudioLib\CStudioLib.vcproj", "{90BC3E7C-3D9B-4D95-9A6A-18DE32AE0208}"
EndProject
Global
	GlobalSection(SolutionConfigurationPlatforms) = preSolution
		Debug|Win32 = Debug|Win32
		Release|Win32 = Release|Win32
	EndGlobalSection
	GlobalSection(ProjectConfigurationPlatforms) = postSolution
		{ACD5AE20-F9EA-4FAB-9765-9093200C719D}.Debug|Win32.ActiveCfg = Debug|Win32
		{ACD5AE20-F9EA-4FAB-9765-9093200C719D}.Debug|Win32.Build.0 = Debug|Win32
		{ACD5AE20-F9EA-4FAB-9765-9093200C719D}.Release|Win32.ActiveCfg = Release|Win32
		{ACD5AE20-F9EA-4FAB-9765-9093200C719D}.Release|Win32.Build.0 = Release|Win32
		{FCB1A63A-8DE2-4DA9-AE48-B96DC640C716}.Debug|Win32.ActiveCfg = Debug|Win32
		{FCB1A63A-8DE2-4DA9-AE48-B96DC640C716}.Debug|Win32.Build.0 = Debug|Win32
		{FCB1A63A-8DE2-4DA9-AE48-B96DC640C716}.Release|Win32.ActiveCfg = Release|Win32
		{FCB1A63A-8DE2-4DA9-AE48-B96DC640C716}.Release|Win32.Build.0 = Release|Win32
		{F4C904B3-2F94-404B-9555-2A3EAA1E5EA6}.Debug|Win32.ActiveCfg = Debug|Win32
		{F4C904B3-2F94-404B-9555-2A3EAA1E5EA6}.Debug|Win32.Build.0 = Debug|Win32
		{F4C904B3-2F94-404B-9555-2A3EAA1E5EA6}.Release|Win32.ActiveCfg = Release|Win32
		{F4C904B3-2F94-404B-9555-2A3EAA1E5EA6}.Release|Win32.Build.0 = Release|Win32
		{76FA275B-EEF6-420B-A7C1-61CEDEE5EF0E}.Debug|Win32.ActiveCfg = Debug|Win32
		{76FA275B-EEF6-420B-A7C1-61CEDEE5EF0E}.Debug|Win32.Build.0 = Debug|Win32
		{76FA275B-EEF6-420B-A7C1-61CEDEE5EF0E}.Release|Win32.ActiveCfg = Release|Win32
		{76FA275B-EEF6-420B-A7C1-61CEDEE5EF0E}.Release|Win32.Build.0 = Release|Win32
		{1FFF3225-865D-4B14-A579-794547E26F79}.Debug|Win32.ActiveCfg = Debug|Win32
		{1FFF3225-865D-4B14-A579-794547E26F79}.Debug|Win32.Build.0 = Debug|Win32
		{1FFF3225-865D-4B14-A579-794547E26F79}.Release|Win32.ActiveCfg = Release|Win32
		{1FFF3225-865D-4B14-A579-794547E26F79}.Release|Win32.Build.0 = Release|Win32
		{A9F1DC57-4FBD-4E58-B838-C3A850173C6F}.Debug|Win32.ActiveCfg = Debug|Win32
		{A9F1DC57-4FBD-4E58-B838-C3A850173C6F}.Debug|Win32.Build.0 = Debug|Win32
		{A9F1DC57-4FBD-4E58-B838-C3A850173C6F}.Release|Win32.ActiveCfg = Release|Win32
		{A9F1DC57-4FBD-4E58-B838-C3A850173C6F}.Release|Win32.Build.0 = Release|Win32
		{34AFFBAD-97A0-4755-9175-1A42877F4BEE}.Debug|Win32.ActiveCfg = Debug|Win32
		{34AFFBAD-97A0-4755-9175-1A42877F4BEE}.Debug|Win32.Build.0 = Debug|Win32
		{34AFFBAD-97A0-4755-9175-1A42877F4BEE}.Release|Win32.ActiveCfg = Release|Win32
		{34AFFBAD-97A0-4755-9175-1A42877F4BEE}.Release|Win32.Build.0 = Release|Win32
		{142F9885-2394-4272-853E-30DDE221C947}.Debug|Win32.ActiveCfg = Debug|Win32
		{142F9885-2394-4272-853E-30DDE221C947}.Debug|Win32.Build.0 = Debug|Win32
		{142F9885-2394-4272-853E-30DDE221C947}.Release|Win32.ActiveCfg = Release|Win32
		{142F9885-2394-4272-853E-30DDE221C947}.Release|Win32.Build.0 = Release|Win32
		{FDE06A07-5884-4B57-BDF8-CE61E6E6FF93}.Debug|Win32.ActiveCfg = Debug|Win32
		{FDE06A07-5884-4B57-BDF8-CE61E6E6FF93}.Debug|Win32.Build.0 = Debug|Win32
		{FDE06A07-5884-4B57-BDF8-CE61E6E6FF93}.Release|Win32.ActiveCfg = Release|Win32
		{FDE06A07-5884-4B57-BDF8-CE61E6E6FF93}.Release|Win32.Build.0 = Release|Win32
		{2F0DE34F-6E8C-45C9-B9F5-E30D4704E521}.Debug|Win32.ActiveCfg = Debug|Win32
		{2F0DE34F-6E8C-45C9-B9F5-E30D4704E521}.Debug|Win32.Build.0 = Debug|Win32
		{2F0DE34F-6E8C-45C9-B9F5-E30D4704E521}.Release|Win32.ActiveCfg = Release|Win32
		{2F0DE34F-6E8C-45C9-B9F5-E30D4704E521}.Release|Win32.Build.0 = Release|Win32
		{9A6A7E4A-9C83-45AF-84ED-D9B75B67D307}.Debug|Win32.ActiveCfg = Debug|Win32
		{9A6A7E4A-9C83-45AF-84ED-D9B75B67D307}.Debug|Win32.Build.0 = Debug|Win32
		{9A6A7E4A-9C83-45AF-84ED-D9B75B67D307}.Release|Win32.ActiveCfg = Release|Win32
		{9A6A7E4A-9C83-45AF-84ED-D9B75B67D307}.Release|Win32.Build.0 = Release|Win32
		{5AF4A6BD-43EF-4703-A79E-6047A9D2F1BE}.Debug|Win32.ActiveCfg = Debug|Win32
		{5AF4A6BD-43EF-4703-A79E-6047A9D2F1BE}.Debug|Win32.Build.0 = Debug|Win32
		{5AF4A6BD-43EF-4703-A79E-6047A9D2F1BE}.Release|Win32.ActiveCfg = Release|Win32
		{5AF4A6BD-43EF-4703-A79E-6047A9D2F1BE}.Release|Win32.Build.0 = Release|Win32
		{778EF32F-8C50-4856-8810-94A61A17A168}.Debug|Win32.ActiveCfg = Debug|Win32
		{778EF32F-8C50-4856-8810-94A61A17A168}.Debug|Win32.Build.0 = Debug|Win32
		{778EF32F-8C50-4856-8810-94A61A17A168}.Release|Win32.ActiveCfg = Release|Win32
		{778EF32F-8C50-4856-8810-94A61A17A168}.Release|Win32.Build.0 = Release|Win32
		{90BC3E7C-3D9B-4D95-9A6A-18DE32AE0208}.Debug|Win32.ActiveCfg = Debug|Win32
		{90BC3E7C-3D9B-4D95-9A6A-18DE32AE0208}.Debug|Win32.Build.0 = Debug|Win32
		{90BC3E7C-3D9B-4D95-9A6A-18DE32AE0208}.Release|Win32.ActiveCfg = Release|Win32
		{90BC3E7C-3D9B-4D95-9A6A-18DE32AE0208}.Release|Win32.Build.0 = Release|Win32
	EndGlobalSection
	GlobalSection(SolutionProperties) = preSolution
		HideSolutionNode = FALSE
	EndGlobalSection
EndGlobal
