Microsoft Visual Studio Solution File, Format Version 8.00
Project("{8BC9CEB8-8B4A-11D0-8D11-00A0C91BC942}") = "Player", "Player\Player.vcproj", "{ACD5AE20-F9EA-4FAB-9765-9093200C719D}"
	ProjectSection(ProjectDependencies) = postProject
	EndProjectSection
EndProject
Project("{8BC9CEB8-8B4A-11D0-8D11-00A0C91BC942}") = "Producer", "Producer\Producer.vcproj", "{FCB1A63A-8DE2-4DA9-AE48-B96DC640C716}"
	ProjectSection(ProjectDependencies) = postProject
	EndProjectSection
EndProject
Project("{8BC9CEB8-8B4A-11D0-8D11-00A0C91BC942}") = "hook", "hook\hook.vcproj", "{F4C904B3-2F94-404B-9555-2A3EAA1E5EA6}"
	ProjectSection(ProjectDependencies) = postProject
	EndProjectSection
EndProject
Project("{8BC9CEB8-8B4A-11D0-8D11-00A0C91BC942}") = "playplus", "PlayerPlus\playplus.vcproj", "{76FA275B-EEF6-420B-A7C1-61CEDEE5EF0E}"
	ProjectSection(ProjectDependencies) = postProject
	EndProjectSection
EndProject
Project("{8BC9CEB8-8B4A-11D0-8D11-00A0C91BC942}") = "vscap", "vscap.vcproj", "{1FFF3225-865D-4B14-A579-794547E26F79}"
	ProjectSection(ProjectDependencies) = postProject
		{ACD5AE20-F9EA-4FAB-9765-9093200C719D} = {ACD5AE20-F9EA-4FAB-9765-9093200C719D}
		{FCB1A63A-8DE2-4DA9-AE48-B96DC640C716} = {FCB1A63A-8DE2-4DA9-AE48-B96DC640C716}
		{76FA275B-EEF6-420B-A7C1-61CEDEE5EF0E} = {76FA275B-EEF6-420B-A7C1-61CEDEE5EF0E}
		{F4C904B3-2F94-404B-9555-2A3EAA1E5EA6} = {F4C904B3-2F94-404B-9555-2A3EAA1E5EA6}
	EndProjectSection
EndProject
Project("{8BC9CEB8-8B4A-11D0-8D11-00A0C91BC942}") = "CxImage", "cximage\CxImage\cximage.vcproj", "{A9F1DC57-4FBD-4E58-B838-C3A850173C6F}"
	ProjectSection(ProjectDependencies) = postProject
	EndProjectSection
EndProject
Global
	GlobalSection(SolutionConfiguration) = preSolution
		Debug = Debug
		Release = Release
	EndGlobalSection
	GlobalSection(ProjectConfiguration) = postSolution
		{ACD5AE20-F9EA-4FAB-9765-9093200C719D}.Debug.ActiveCfg = Debug|Win32
		{ACD5AE20-F9EA-4FAB-9765-9093200C719D}.Debug.Build.0 = Debug|Win32
		{ACD5AE20-F9EA-4FAB-9765-9093200C719D}.Release.ActiveCfg = Release|Win32
		{ACD5AE20-F9EA-4FAB-9765-9093200C719D}.Release.Build.0 = Release|Win32
		{FCB1A63A-8DE2-4DA9-AE48-B96DC640C716}.Debug.ActiveCfg = Debug|Win32
		{FCB1A63A-8DE2-4DA9-AE48-B96DC640C716}.Debug.Build.0 = Debug|Win32
		{FCB1A63A-8DE2-4DA9-AE48-B96DC640C716}.Release.ActiveCfg = Release|Win32
		{FCB1A63A-8DE2-4DA9-AE48-B96DC640C716}.Release.Build.0 = Release|Win32
		{F4C904B3-2F94-404B-9555-2A3EAA1E5EA6}.Debug.ActiveCfg = Debug|Win32
		{F4C904B3-2F94-404B-9555-2A3EAA1E5EA6}.Debug.Build.0 = Debug|Win32
		{F4C904B3-2F94-404B-9555-2A3EAA1E5EA6}.Release.ActiveCfg = Release|Win32
		{F4C904B3-2F94-404B-9555-2A3EAA1E5EA6}.Release.Build.0 = Release|Win32
		{76FA275B-EEF6-420B-A7C1-61CEDEE5EF0E}.Debug.ActiveCfg = Debug|Win32
		{76FA275B-EEF6-420B-A7C1-61CEDEE5EF0E}.Debug.Build.0 = Debug|Win32
		{76FA275B-EEF6-420B-A7C1-61CEDEE5EF0E}.Release.ActiveCfg = Release|Win32
		{76FA275B-EEF6-420B-A7C1-61CEDEE5EF0E}.Release.Build.0 = Release|Win32
		{1FFF3225-865D-4B14-A579-794547E26F79}.Debug.ActiveCfg = Debug|Win32
		{1FFF3225-865D-4B14-A579-794547E26F79}.Debug.Build.0 = Debug|Win32
		{1FFF3225-865D-4B14-A579-794547E26F79}.Release.ActiveCfg = Release|Win32
		{1FFF3225-865D-4B14-A579-794547E26F79}.Release.Build.0 = Release|Win32
		{A9F1DC57-4FBD-4E58-B838-C3A850173C6F}.Debug.ActiveCfg = Debug|Win32
		{A9F1DC57-4FBD-4E58-B838-C3A850173C6F}.Debug.Build.0 = Debug|Win32
		{A9F1DC57-4FBD-4E58-B838-C3A850173C6F}.Release.ActiveCfg = Release|Win32
		{A9F1DC57-4FBD-4E58-B838-C3A850173C6F}.Release.Build.0 = Release|Win32
	EndGlobalSection
	GlobalSection(ExtensibilityGlobals) = postSolution
	EndGlobalSection
	GlobalSection(ExtensibilityAddIns) = postSolution
	EndGlobalSection
EndGlobal
