<?xml version="1.0" encoding="utf-8"?>
<Project ToolsVersion="4.0" xmlns="http://schemas.microsoft.com/developer/msbuild/2003">
  <ItemGroup>
    <Filter Include="Header Files">
      <UniqueIdentifier>{8d11b5e1-8052-42e0-b737-46f8eea90b5d}</UniqueIdentifier>
      <Extensions>h;hpp;hxx;hm;inl</Extensions>
    </Filter>
    <Filter Include="Resource Files">
      <UniqueIdentifier>{3c93d08a-bd68-41aa-838b-a91855b32fea}</UniqueIdentifier>
      <Extensions>ico;cur;bmp;dlg;rc2;rct;bin;cnt;rtf;gif;jpg;jpeg;jpe</Extensions>
    </Filter>
    <Filter Include="Header Files\vfw">
      <UniqueIdentifier>{1b75801a-9131-4b11-a1dc-a407bd183734}</UniqueIdentifier>
    </Filter>
    <Filter Include="Header Files\addons">
      <UniqueIdentifier>{598f2f75-d9e2-41d8-8212-a73c2f505693}</UniqueIdentifier>
    </Filter>
    <Filter Include="Header Files\fister">
      <UniqueIdentifier>{20ff7f57-b603-4a78-90a0-20e7722eedab}</UniqueIdentifier>
    </Filter>
    <Filter Include="Source Files">
      <UniqueIdentifier>{3cf414ac-ef4e-4a2e-b6cd-bacdbd2bc384}</UniqueIdentifier>
      <Extensions>cpp;c;cxx;rc;def;r;odl;idl;hpj;bat</Extensions>
    </Filter>
    <Filter Include="Source Files\vfw">
      <UniqueIdentifier>{01d01931-07d2-4e82-baf4-048373cb207f}</UniqueIdentifier>
    </Filter>
    <Filter Include="Source Files\addons">
      <UniqueIdentifier>{97d6e21f-bae8-4121-8ccf-01328c16fa3f}</UniqueIdentifier>
    </Filter>
    <Filter Include="Source Files\fister">
      <UniqueIdentifier>{6f52de0c-63d8-4b98-a8d5-7d1e7fb7b121}</UniqueIdentifier>
    </Filter>
  </ItemGroup>
  <ItemGroup>
    <ClInclude Include="AudioSpeakers.h">
      <Filter>Header Files</Filter>
    </ClInclude>
    <ClInclude Include="AutopanSpeed.h">
      <Filter>Header Files</Filter>
    </ClInclude>
    <ClInclude Include="AutoSearchDialog.h">
      <Filter>Header Files</Filter>
    </ClInclude>
    <ClInclude Include="AVI.h">
      <Filter>Header Files</Filter>
    </ClInclude>
    <ClInclude Include="BasicMessage.h">
      <Filter>Header Files</Filter>
    </ClInclude>
    <ClInclude Include="CamCursor.h">
      <Filter>Header Files</Filter>
    </ClInclude>
    <ClInclude Include="CamStudioCommandLineInfo.h">
      <Filter>Header Files</Filter>
    </ClInclude>
    <ClInclude Include="CursorOptionsDlg.h">
      <Filter>Header Files</Filter>
    </ClInclude>
    <ClInclude Include="EditImage.h">
      <Filter>Header Files</Filter>
    </ClInclude>
    <ClInclude Include="EditTransparency.h">
      <Filter>Header Files</Filter>
    </ClInclude>
    <ClInclude Include="FixedRegion.h">
      <Filter>Header Files</Filter>
    </ClInclude>
    <ClInclude Include="FlashingWnd.h">
      <Filter>Header Files</Filter>
    </ClInclude>
    <ClInclude Include="FrameGrabber.h">
      <Filter>Header Files</Filter>
    </ClInclude>
    <ClInclude Include="HotKey.h">
      <Filter>Header Files</Filter>
    </ClInclude>
    <ClInclude Include="Keyshortcuts.h">
      <Filter>Header Files</Filter>
    </ClInclude>
    <ClInclude Include="LayeredWindowHelperST.h">
      <Filter>Header Files</Filter>
    </ClInclude>
    <ClInclude Include="LayoutList.h">
      <Filter>Header Files</Filter>
    </ClInclude>
    <ClInclude Include="ListManager.h">
      <Filter>Header Files</Filter>
    </ClInclude>
    <ClInclude Include="MainFrm.h">
      <Filter>Header Files</Filter>
    </ClInclude>
    <ClInclude Include="MCI.h">
      <Filter>Header Files</Filter>
    </ClInclude>
    <ClInclude Include="MouseCaptureWnd.h">
      <Filter>Header Files</Filter>
    </ClInclude>
    <ClInclude Include="NewShape.h">
      <Filter>Header Files</Filter>
    </ClInclude>
    <ClInclude Include="PresetTime.h">
      <Filter>Header Files</Filter>
    </ClInclude>
    <ClInclude Include="Profile.h">
      <Filter>Header Files</Filter>
    </ClInclude>
    <ClInclude Include="Recorder.h">
      <Filter>Header Files</Filter>
    </ClInclude>
    <ClInclude Include="RecorderDoc.h">
      <Filter>Header Files</Filter>
    </ClInclude>
    <ClInclude Include="RecorderVersionReleaseInfo.h">
      <Filter>Header Files</Filter>
    </ClInclude>
    <ClInclude Include="RecorderView.h">
      <Filter>Header Files</Filter>
    </ClInclude>
    <ClInclude Include="ResizeDialog.h">
      <Filter>Header Files</Filter>
    </ClInclude>
    <ClInclude Include="Resource.h">
      <Filter>Header Files</Filter>
    </ClInclude>
    <ClInclude Include="ScreenAnnotations.h">
      <Filter>Header Files</Filter>
    </ClInclude>
    <ClInclude Include="StdAfx.h">
      <Filter>Header Files</Filter>
    </ClInclude>
    <ClInclude Include="SyncDialog.h">
      <Filter>Header Files</Filter>
    </ClInclude>
    <ClInclude Include="targetver.h">
      <Filter>Header Files</Filter>
    </ClInclude>
    <ClInclude Include="TextDialog.h">
      <Filter>Header Files</Filter>
    </ClInclude>
    <ClInclude Include="TransparentWnd.h">
      <Filter>Header Files</Filter>
    </ClInclude>
    <ClInclude Include="TransRateDialog.h">
      <Filter>Header Files</Filter>
    </ClInclude>
    <ClInclude Include="TroubleShoot.h">
      <Filter>Header Files</Filter>
    </ClInclude>
    <ClInclude Include="VideoOptions.h">
      <Filter>Header Files</Filter>
    </ClInclude>
    <ClInclude Include="VideoWnd.h">
      <Filter>Header Files</Filter>
    </ClInclude>
    <ClInclude Include="vfw\ACM.h">
      <Filter>Header Files\vfw</Filter>
    </ClInclude>
    <ClInclude Include="vfw\VCM.h">
      <Filter>Header Files\vfw</Filter>
    </ClInclude>
    <ClInclude Include="addons\AnnotationEffectsOptions.h">
      <Filter>Header Files\addons</Filter>
    </ClInclude>
    <ClInclude Include="addons\XnoteStopwatchFormat.h">
      <Filter>Header Files\addons</Filter>
    </ClInclude>
    <ClInclude Include="addons\EffectsOptions.h">
      <Filter>Header Files\addons</Filter>
    </ClInclude>
    <ClInclude Include="addons\EffectsOptions2.h">
      <Filter>Header Files\addons</Filter>
    </ClInclude>
    <ClInclude Include="addons\Camstudio4XNote.h">
      <Filter>Header Files\addons</Filter>
    </ClInclude>
    <ClInclude Include="addons\ImageAttributes.h">
      <Filter>Header Files\addons</Filter>
    </ClInclude>
    <ClInclude Include="addons\TextAttributes.h">
      <Filter>Header Files\addons</Filter>
    </ClInclude>
    <ClInclude Include="fister\SoundBase.h">
      <Filter>Header Files\fister</Filter>
    </ClInclude>
    <ClInclude Include="fister\SoundFile.h">
      <Filter>Header Files\fister</Filter>
    </ClInclude>
    <ClInclude Include="fister\SoundIn.h">
      <Filter>Header Files\fister</Filter>
    </ClInclude>
    <ClInclude Include="fister\Buffer.h">
      <Filter>Header Files\fister</Filter>
    </ClInclude>
    <ClInclude Include="InternetConn.h">
      <Filter>Header Files</Filter>
    </ClInclude>
    <ClInclude Include="UpdateDialog.h">
      <Filter>Header Files</Filter>
    </ClInclude>
    <ClInclude Include="SystemDeviceEnumerator.h">
      <Filter>Header Files</Filter>
    </ClInclude>
    <ClInclude Include="AMVfwCompressDialogs.h">
      <Filter>Header Files</Filter>
    </ClInclude>
    <ClInclude Include="CamstudioFilter.h">
      <Filter>Header Files</Filter>
    </ClInclude>
    <ClInclude Include="ScreenCaptureFilter.h">
      <Filter>Header Files</Filter>
    </ClInclude>
    <ClInclude Include="VideoCompressorFilter.h">
      <Filter>Header Files</Filter>
    </ClInclude>
    <ClInclude Include="AudioCompressorFilter.h">
      <Filter>Header Files</Filter>
    </ClInclude>
    <ClInclude Include="AudioCompressorFormats.h">
      <Filter>Header Files</Filter>
    </ClInclude>
    <ClInclude Include="AudioCaptureFilter.h">
      <Filter>Header Files</Filter>
    </ClInclude>
    <ClInclude Include="AudioCaptureFilter.h">
      <Filter>Header Files</Filter>
    </ClInclude>
    <ClInclude Include="AudioOptionsDlg.h">
      <Filter>Header Files</Filter>
    </ClInclude>
    <ClInclude Include="StreamingConfig.h">
      <Filter>Header Files</Filter>
    </ClInclude>
    <ClInclude Include="CamStudioCaptureGraph.h">
      <Filter>Header Files</Filter>
    </ClInclude>
    <ClInclude Include="VideoAnnotationCG.h">
      <Filter>Header Files</Filter>
    </ClInclude>
    <ClInclude Include="VideoSourceDialog.h">
      <Filter>Header Files</Filter>
    </ClInclude>
    <ClInclude Include="VideoCaptureDevice.h">
      <Filter>Header Files</Filter>
    </ClInclude>
  </ItemGroup>
  <ItemGroup>
    <None Include="res\bitmap1.bmp">
      <Filter>Resource Files</Filter>
    </None>
    <None Include="res\bitmap2.bmp">
      <Filter>Resource Files</Filter>
    </None>
    <None Include="res\bitmap5.bmp">
      <Filter>Resource Files</Filter>
    </None>
    <None Include="res\bmp00001.bmp">
      <Filter>Resource Files</Filter>
    </None>
    <None Include="res\cur00001.cur">
      <Filter>Resource Files</Filter>
    </None>
    <None Include="res\cur00002.cur">
      <Filter>Resource Files</Filter>
    </None>
    <None Include="res\cursor4.cur">
      <Filter>Resource Files</Filter>
    </None>
    <None Include="res\customic.ico">
      <Filter>Resource Files</Filter>
    </None>
    <None Include="res\ico00001.ico">
      <Filter>Resource Files</Filter>
    </None>
    <None Include="res\ico00002.ico">
      <Filter>Resource Files</Filter>
    </None>
    <None Include="res\ico00003.ico">
      <Filter>Resource Files</Filter>
    </None>
    <None Include="res\ico00004.ico">
      <Filter>Resource Files</Filter>
    </None>
    <None Include="res\ico00005.ico">
      <Filter>Resource Files</Filter>
    </None>
    <None Include="res\ico00006.ico">
      <Filter>Resource Files</Filter>
    </None>
    <None Include="res\ico00007.ico">
      <Filter>Resource Files</Filter>
    </None>
    <None Include="res\ico00008.ico">
      <Filter>Resource Files</Filter>
    </None>
    <None Include="res\ico00009.ico">
      <Filter>Resource Files</Filter>
    </None>
    <None Include="res\ico00010.ico">
      <Filter>Resource Files</Filter>
    </None>
    <None Include="res\ico00011.ico">
      <Filter>Resource Files</Filter>
    </None>
    <None Include="res\ico00012.ico">
      <Filter>Resource Files</Filter>
    </None>
    <None Include="res\ico00013.ico">
      <Filter>Resource Files</Filter>
    </None>
    <None Include="res\ico00014.ico">
      <Filter>Resource Files</Filter>
    </None>
    <None Include="res\ico00015.ico">
      <Filter>Resource Files</Filter>
    </None>
    <None Include="res\ico00016.ico">
      <Filter>Resource Files</Filter>
    </None>
    <None Include="res\ico00017.ico">
      <Filter>Resource Files</Filter>
    </None>
    <None Include="res\ico00018.ico">
      <Filter>Resource Files</Filter>
    </None>
    <None Include="res\ico00019.ico">
      <Filter>Resource Files</Filter>
    </None>
    <None Include="res\ico00020.ico">
      <Filter>Resource Files</Filter>
    </None>
    <None Include="res\ico00021.ico">
      <Filter>Resource Files</Filter>
    </None>
    <None Include="res\ico00022.ico">
      <Filter>Resource Files</Filter>
    </None>
    <None Include="res\ico00023.ico">
      <Filter>Resource Files</Filter>
    </None>
    <None Include="res\ico00024.ico">
      <Filter>Resource Files</Filter>
    </None>
    <None Include="res\ico00025.ico">
      <Filter>Resource Files</Filter>
    </None>
    <None Include="res\ico00026.ico">
      <Filter>Resource Files</Filter>
    </None>
    <None Include="res\ico00027.ico">
      <Filter>Resource Files</Filter>
    </None>
    <None Include="res\ico00028.ico">
      <Filter>Resource Files</Filter>
    </None>
    <None Include="res\ico00029.ico">
      <Filter>Resource Files</Filter>
    </None>
    <None Include="res\ico00030.ico">
      <Filter>Resource Files</Filter>
    </None>
    <None Include="res\ico00031.ico">
      <Filter>Resource Files</Filter>
    </None>
    <None Include="res\ico00032.ico">
      <Filter>Resource Files</Filter>
    </None>
    <None Include="res\ico00033.ico">
      <Filter>Resource Files</Filter>
    </None>
    <None Include="res\ico00034.ico">
      <Filter>Resource Files</Filter>
    </None>
    <None Include="res\ico00035.ico">
      <Filter>Resource Files</Filter>
    </None>
    <None Include="res\icon1.ico">
      <Filter>Resource Files</Filter>
    </None>
    <None Include="res\icon2.ico">
      <Filter>Resource Files</Filter>
    </None>
    <None Include="res\icon3.ico">
      <Filter>Resource Files</Filter>
    </None>
    <None Include="res\mainfram.bmp">
      <Filter>Resource Files</Filter>
    </None>
    <None Include="..\GlobalResources\Recorder.ico">
      <Filter>Resource Files</Filter>
    </None>
    <None Include="Recorder.ico">
      <Filter>Resource Files</Filter>
    </None>
    <None Include="res\Recorder.rc2">
      <Filter>Resource Files</Filter>
    </None>
    <None Include="Recorder_banner.bmp">
      <Filter>Resource Files</Filter>
    </None>
    <None Include="..\GlobalResources\Recorder_banner.bmp">
      <Filter>Resource Files</Filter>
    </None>
    <None Include="..\GlobalResources\Recorder_logo.bmp">
      <Filter>Resource Files</Filter>
    </None>
    <None Include="res\Toolbar.bmp">
      <Filter>Resource Files</Filter>
    </None>
    <None Include="res\ToolbarMask.bmp">
      <Filter>Resource Files</Filter>
    </None>
    <None Include="res\ToolbarPalette256.bmp">
      <Filter>Resource Files</Filter>
    </None>
    <None Include="res\bitmap6.bmp">
      <Filter>Resource Files</Filter>
    </None>
    <None Include="res\bitmap7.bmp">
      <Filter>Resource Files</Filter>
    </None>
    <None Include="res\bitmap8.bmp">
      <Filter>Resource Files</Filter>
    </None>
    <None Include="res\bitmap9.bmp">
      <Filter>Resource Files</Filter>
    </None>
    <None Include="resource.hm">
      <Filter>Header Files</Filter>
    </None>
    <None Include="res\info-icon.bmp">
      <Filter>Resource Files</Filter>
    </None>
    <None Include="res\CamStudioPanel2.bmp">
      <Filter>Resource Files</Filter>
    </None>
    <None Include="Recorder_logo.bmp">
      <Filter>Resource Files</Filter>
    </None>
  </ItemGroup>
  <ItemGroup>
    <ClCompile Include="InternetConn.cpp">
      <Filter>Source Files</Filter>
    </ClCompile>
    <ClCompile Include="addons\AnnotationEffectsOptions.cpp">
      <Filter>Source Files</Filter>
    </ClCompile>
    <ClCompile Include="addons\EffectsOptions.cpp">
      <Filter>Source Files</Filter>
    </ClCompile>
    <ClCompile Include="addons\EffectsOptions2.cpp">
      <Filter>Source Files</Filter>
    </ClCompile>
    <ClCompile Include="addons\XnoteStopwatchFormat.cpp">
      <Filter>Source Files</Filter>
    </ClCompile>
    <ClCompile Include="AudioMixer.cpp">
      <Filter>Source Files</Filter>
    </ClCompile>
    <ClCompile Include="AudioSpeakers.cpp">
      <Filter>Source Files</Filter>
    </ClCompile>
    <ClCompile Include="AutopanSpeed.cpp">
      <Filter>Source Files</Filter>
    </ClCompile>
    <ClCompile Include="AutoSearchDialog.cpp">
      <Filter>Source Files</Filter>
    </ClCompile>
    <ClCompile Include="AVI.cpp">
      <Filter>Source Files</Filter>
    </ClCompile>
    <ClCompile Include="BasicMessage.cpp">
      <Filter>Source Files</Filter>
    </ClCompile>
    <ClCompile Include="CamStudioCommandLineInfo.cpp">
      <Filter>Source Files</Filter>
    </ClCompile>
    <ClCompile Include="CursorOptionsDlg.cpp">
      <Filter>Source Files</Filter>
    </ClCompile>
    <ClCompile Include="EditImage.cpp">
      <Filter>Source Files</Filter>
    </ClCompile>
    <ClCompile Include="EditTransparency.cpp">
      <Filter>Source Files</Filter>
    </ClCompile>
    <ClCompile Include="fister\Buffer.cpp">
      <Filter>Source Files</Filter>
    </ClCompile>
    <ClCompile Include="fister\SoundBase.cpp">
      <Filter>Source Files</Filter>
    </ClCompile>
    <ClCompile Include="fister\SoundFile.cpp">
      <Filter>Source Files</Filter>
    </ClCompile>
    <ClCompile Include="fister\SoundIn.cpp">
      <Filter>Source Files</Filter>
    </ClCompile>
    <ClCompile Include="FixedRegion.cpp">
      <Filter>Source Files</Filter>
    </ClCompile>
    <ClCompile Include="FlashingWnd.cpp">
      <Filter>Source Files</Filter>
    </ClCompile>
    <ClCompile Include="FolderDialog.cpp">
      <Filter>Source Files</Filter>
    </ClCompile>
    <ClCompile Include="HotKey.cpp">
      <Filter>Source Files</Filter>
    </ClCompile>
    <ClCompile Include="Keyshortcuts.cpp">
      <Filter>Source Files</Filter>
    </ClCompile>
    <ClCompile Include="LayeredWindowHelperST.cpp">
      <Filter>Source Files</Filter>
    </ClCompile>
    <ClCompile Include="LayoutList.cpp">
      <Filter>Source Files</Filter>
    </ClCompile>
    <ClCompile Include="ListManager.cpp">
      <Filter>Source Files</Filter>
    </ClCompile>
    <ClCompile Include="MainFrm.cpp">
      <Filter>Source Files</Filter>
    </ClCompile>
    <ClCompile Include="MCI.cpp">
      <Filter>Source Files</Filter>
    </ClCompile>
    <ClCompile Include="MouseCaptureWnd.cpp">
      <Filter>Source Files</Filter>
    </ClCompile>
    <ClCompile Include="NewShape.cpp">
      <Filter>Source Files</Filter>
    </ClCompile>
    <ClCompile Include="PresetTime.cpp">
      <Filter>Source Files</Filter>
    </ClCompile>
    <ClCompile Include="Profile.cpp">
      <Filter>Source Files</Filter>
    </ClCompile>
    <ClCompile Include="Recorder.cpp">
      <Filter>Source Files</Filter>
    </ClCompile>
    <ClCompile Include="RecorderDoc.cpp">
      <Filter>Source Files</Filter>
    </ClCompile>
    <ClCompile Include="RecorderView.cpp">
      <Filter>Source Files</Filter>
    </ClCompile>
    <ClCompile Include="ResizeDialog.cpp">
      <Filter>Source Files</Filter>
    </ClCompile>
    <ClCompile Include="ScreenAnnotations.cpp">
      <Filter>Source Files</Filter>
    </ClCompile>
    <ClCompile Include="SpeakersImpl.cpp">
      <Filter>Source Files</Filter>
    </ClCompile>
    <ClCompile Include="StdAfx.cpp">
      <Filter>Source Files</Filter>
    </ClCompile>
    <ClCompile Include="SyncDialog.cpp">
      <Filter>Source Files</Filter>
    </ClCompile>
    <ClCompile Include="TextDialog.cpp">
      <Filter>Source Files</Filter>
    </ClCompile>
    <ClCompile Include="TransparentWnd.cpp">
      <Filter>Source Files</Filter>
    </ClCompile>
    <ClCompile Include="TransRateDialog.cpp">
      <Filter>Source Files</Filter>
    </ClCompile>
    <ClCompile Include="TroubleShoot.cpp">
      <Filter>Source Files</Filter>
    </ClCompile>
    <ClCompile Include="vfw\ACM.cpp">
      <Filter>Source Files</Filter>
    </ClCompile>
    <ClCompile Include="vfw\VCM.cpp">
      <Filter>Source Files</Filter>
    </ClCompile>
    <ClCompile Include="VideoOptions.cpp">
      <Filter>Source Files</Filter>
    </ClCompile>
    <ClCompile Include="VideoWnd.cpp">
      <Filter>Source Files</Filter>
    </ClCompile>
    <ClCompile Include="UpdateDialog.cpp">
      <Filter>Source Files</Filter>
    </ClCompile>
    <ClCompile Include="SystemDeviceEnumerator.cpp">
      <Filter>Source Files</Filter>
    </ClCompile>
    <ClCompile Include="AMVfwCompressDialogs.cpp">
      <Filter>Source Files</Filter>
    </ClCompile>
    <ClCompile Include="CamstudioFilter.cpp">
      <Filter>Source Files</Filter>
    </ClCompile>
    <ClCompile Include="ScreenCaptureFilter.cpp">
      <Filter>Source Files</Filter>
    </ClCompile>
    <ClCompile Include="VideoCompressorFilter.cpp">
      <Filter>Source Files</Filter>
    </ClCompile>
    <ClCompile Include="AudioCaptureFilter.cpp">
      <Filter>Source Files</Filter>
    </ClCompile>
    <ClCompile Include="AudioCompressorFilter.cpp">
      <Filter>Source Files</Filter>
    </ClCompile>
    <ClCompile Include="AudioCompressorFormats.cpp">
      <Filter>Source Files</Filter>
    </ClCompile>
    <ClCompile Include="AudioOptionsDlg.cpp">
      <Filter>Source Files</Filter>
    </ClCompile>
    <ClCompile Include="StreamingConfig.cpp">
      <Filter>Source Files</Filter>
    </ClCompile>
    <ClCompile Include="CamStudioCaptureGraph.cpp">
      <Filter>Source Files</Filter>
    </ClCompile>
    <ClCompile Include="VideoAnnotationCG.cpp">
      <Filter>Source Files</Filter>
    </ClCompile>
    <ClCompile Include="VideoSourceDialog.cpp">
      <Filter>Source Files</Filter>
    </ClCompile>
    <ClCompile Include="VideoCaptureDevice.cpp">
      <Filter>Source Files</Filter>
    </ClCompile>
  </ItemGroup>
  <ItemGroup>
    <ResourceCompile Include="Recorder.rc">
      <Filter>Source Files</Filter>
    </ResourceCompile>
  </ItemGroup>
</Project>