Microsoft Visual Studio Solution File, Format Version 8.00
Project("{8BC9CEB8-8B4A-11D0-8D11-00A0C91BC942}") = "CxImage", "cximage\cximage.vcproj", "{6FC0E67F-064A-4EC9-8087-E87A005B0E63}"
	ProjectSection(ProjectDependencies) = postProject
	EndProjectSection
EndProject
Project("{8BC9CEB8-8B4A-11D0-8D11-00A0C91BC942}") = "CxImageCrtDll", "CxImage\CxImageDLL\CxImageCrtDll.vcproj", "{F41ABE6A-2EEC-4C7F-965C-471AF80560DE}"
	ProjectSection(ProjectDependencies) = postProject
		{CA064055-029F-4001-B755-3762C08FCAB7} = {CA064055-029F-4001-B755-3762C08FCAB7}
		{9A6A7E4A-9C83-45AF-84ED-D9B75B67D307} = {9A6A7E4A-9C83-45AF-84ED-D9B75B67D307}
		{2F0DE34F-6E8C-45C9-B9F5-E30D4704E521} = {2F0DE34F-6E8C-45C9-B9F5-E30D4704E521}
		{FDE06A07-5884-4B57-BDF8-CE61E6E6FF93} = {FDE06A07-5884-4B57-BDF8-CE61E6E6FF93}
		{142F9885-2394-4272-853E-30DDE221C947} = {142F9885-2394-4272-853E-30DDE221C947}
		{57F6253E-0305-4DCC-8518-8EC3602EBC25} = {57F6253E-0305-4DCC-8518-8EC3602EBC25}
		{365D4EA4-B222-45E9-9165-5C0189B69B21} = {365D4EA4-B222-45E9-9165-5C0189B69B21}
	EndProjectSection
EndProject
Project("{8BC9CEB8-8B4A-11D0-8D11-00A0C91BC942}") = "CxImageMfcDll", "CxImage\CxImageDLL\cximagemfcdll.vcproj", "{B430E95B-A97B-48CE-B3AE-868C96C71F77}"
	ProjectSection(ProjectDependencies) = postProject
		{CA064055-029F-4001-B755-3762C08FCAB7} = {CA064055-029F-4001-B755-3762C08FCAB7}
		{9A6A7E4A-9C83-45AF-84ED-D9B75B67D307} = {9A6A7E4A-9C83-45AF-84ED-D9B75B67D307}
		{2F0DE34F-6E8C-45C9-B9F5-E30D4704E521} = {2F0DE34F-6E8C-45C9-B9F5-E30D4704E521}
		{FDE06A07-5884-4B57-BDF8-CE61E6E6FF93} = {FDE06A07-5884-4B57-BDF8-CE61E6E6FF93}
		{142F9885-2394-4272-853E-30DDE221C947} = {142F9885-2394-4272-853E-30DDE221C947}
		{57F6253E-0305-4DCC-8518-8EC3602EBC25} = {57F6253E-0305-4DCC-8518-8EC3602EBC25}
		{365D4EA4-B222-45E9-9165-5C0189B69B21} = {365D4EA4-B222-45E9-9165-5C0189B69B21}
	EndProjectSection
EndProject
Project("{8BC9CEB8-8B4A-11D0-8D11-00A0C91BC942}") = "demo", "demo\demo.vcproj", "{103A03AD-36B5-4D1E-AEBA-0C7A7F159CD1}"
	ProjectSection(ProjectDependencies) = postProject
		{CA064055-029F-4001-B755-3762C08FCAB7} = {CA064055-029F-4001-B755-3762C08FCAB7}
		{365D4EA4-B222-45E9-9165-5C0189B69B21} = {365D4EA4-B222-45E9-9165-5C0189B69B21}
		{57F6253E-0305-4DCC-8518-8EC3602EBC25} = {57F6253E-0305-4DCC-8518-8EC3602EBC25}
		{9A6A7E4A-9C83-45AF-84ED-D9B75B67D307} = {9A6A7E4A-9C83-45AF-84ED-D9B75B67D307}
		{2F0DE34F-6E8C-45C9-B9F5-E30D4704E521} = {2F0DE34F-6E8C-45C9-B9F5-E30D4704E521}
		{FDE06A07-5884-4B57-BDF8-CE61E6E6FF93} = {FDE06A07-5884-4B57-BDF8-CE61E6E6FF93}
		{142F9885-2394-4272-853E-30DDE221C947} = {142F9885-2394-4272-853E-30DDE221C947}
		{6FC0E67F-064A-4EC9-8087-E87A005B0E63} = {6FC0E67F-064A-4EC9-8087-E87A005B0E63}
	EndProjectSection
EndProject
Project("{8BC9CEB8-8B4A-11D0-8D11-00A0C91BC942}") = "demoDll", "demo\demoDLL.vcproj", "{5F56C9B1-E059-4DB0-BDFC-7634419AEFEC}"
	ProjectSection(ProjectDependencies) = postProject
		{F41ABE6A-2EEC-4C7F-965C-471AF80560DE} = {F41ABE6A-2EEC-4C7F-965C-471AF80560DE}
	EndProjectSection
EndProject
Project("{8BC9CEB8-8B4A-11D0-8D11-00A0C91BC942}") = "j2k", "j2k\j2k.vcproj", "{365D4EA4-B222-45E9-9165-5C0189B69B21}"
	ProjectSection(ProjectDependencies) = postProject
	EndProjectSection
EndProject
Project("{8BC9CEB8-8B4A-11D0-8D11-00A0C91BC942}") = "jasper", "jasper\jasper.vcproj", "{CA064055-029F-4001-B755-3762C08FCAB7}"
	ProjectSection(ProjectDependencies) = postProject
	EndProjectSection
EndProject
Project("{8BC9CEB8-8B4A-11D0-8D11-00A0C91BC942}") = "jbig", "jbig\jbig.vcproj", "{57F6253E-0305-4DCC-8518-8EC3602EBC25}"
	ProjectSection(ProjectDependencies) = postProject
	EndProjectSection
EndProject
Project("{8BC9CEB8-8B4A-11D0-8D11-00A0C91BC942}") = "jpeg", "jpeg\Jpeg.vcproj", "{142F9885-2394-4272-853E-30DDE221C947}"
	ProjectSection(ProjectDependencies) = postProject
	EndProjectSection
EndProject
Project("{8BC9CEB8-8B4A-11D0-8D11-00A0C91BC942}") = "png", "png\png.vcproj", "{FDE06A07-5884-4B57-BDF8-CE61E6E6FF93}"
	ProjectSection(ProjectDependencies) = postProject
	EndProjectSection
EndProject
Project("{8BC9CEB8-8B4A-11D0-8D11-00A0C91BC942}") = "tiff", "tiff\Tiff.vcproj", "{2F0DE34F-6E8C-45C9-B9F5-E30D4704E521}"
	ProjectSection(ProjectDependencies) = postProject
	EndProjectSection
EndProject
Project("{8BC9CEB8-8B4A-11D0-8D11-00A0C91BC942}") = "zlib", "zlib\zlib.vcproj", "{9A6A7E4A-9C83-45AF-84ED-D9B75B67D307}"
	ProjectSection(ProjectDependencies) = postProject
	EndProjectSection
EndProject
Global
	GlobalSection(SolutionConfiguration) = preSolution
		Debug = Debug
		Release = Release
	EndGlobalSection
	GlobalSection(ProjectConfiguration) = postSolution
		{6FC0E67F-064A-4EC9-8087-E87A005B0E63}.Debug.ActiveCfg = Debug|Win32
		{6FC0E67F-064A-4EC9-8087-E87A005B0E63}.Debug.Build.0 = Debug|Win32
		{6FC0E67F-064A-4EC9-8087-E87A005B0E63}.Release.ActiveCfg = Release|Win32
		{6FC0E67F-064A-4EC9-8087-E87A005B0E63}.Release.Build.0 = Release|Win32
		{F41ABE6A-2EEC-4C7F-965C-471AF80560DE}.Debug.ActiveCfg = Debug|Win32
		{F41ABE6A-2EEC-4C7F-965C-471AF80560DE}.Debug.Build.0 = Debug|Win32
		{F41ABE6A-2EEC-4C7F-965C-471AF80560DE}.Release.ActiveCfg = Release|Win32
		{F41ABE6A-2EEC-4C7F-965C-471AF80560DE}.Release.Build.0 = Release|Win32
		{B430E95B-A97B-48CE-B3AE-868C96C71F77}.Debug.ActiveCfg = Debug|Win32
		{B430E95B-A97B-48CE-B3AE-868C96C71F77}.Debug.Build.0 = Debug|Win32
		{B430E95B-A97B-48CE-B3AE-868C96C71F77}.Release.ActiveCfg = Release|Win32
		{B430E95B-A97B-48CE-B3AE-868C96C71F77}.Release.Build.0 = Release|Win32
		{103A03AD-36B5-4D1E-AEBA-0C7A7F159CD1}.Debug.ActiveCfg = Debug|Win32
		{103A03AD-36B5-4D1E-AEBA-0C7A7F159CD1}.Debug.Build.0 = Debug|Win32
		{103A03AD-36B5-4D1E-AEBA-0C7A7F159CD1}.Release.ActiveCfg = Release|Win32
		{103A03AD-36B5-4D1E-AEBA-0C7A7F159CD1}.Release.Build.0 = Release|Win32
		{5F56C9B1-E059-4DB0-BDFC-7634419AEFEC}.Debug.ActiveCfg = Debug|Win32
		{5F56C9B1-E059-4DB0-BDFC-7634419AEFEC}.Debug.Build.0 = Debug|Win32
		{5F56C9B1-E059-4DB0-BDFC-7634419AEFEC}.Release.ActiveCfg = Release|Win32
		{5F56C9B1-E059-4DB0-BDFC-7634419AEFEC}.Release.Build.0 = Release|Win32
		{365D4EA4-B222-45E9-9165-5C0189B69B21}.Debug.ActiveCfg = Debug|Win32
		{365D4EA4-B222-45E9-9165-5C0189B69B21}.Debug.Build.0 = Debug|Win32
		{365D4EA4-B222-45E9-9165-5C0189B69B21}.Release.ActiveCfg = Release|Win32
		{365D4EA4-B222-45E9-9165-5C0189B69B21}.Release.Build.0 = Release|Win32
		{CA064055-029F-4001-B755-3762C08FCAB7}.Debug.ActiveCfg = Debug|Win32
		{CA064055-029F-4001-B755-3762C08FCAB7}.Debug.Build.0 = Debug|Win32
		{CA064055-029F-4001-B755-3762C08FCAB7}.Release.ActiveCfg = Release|Win32
		{CA064055-029F-4001-B755-3762C08FCAB7}.Release.Build.0 = Release|Win32
		{57F6253E-0305-4DCC-8518-8EC3602EBC25}.Debug.ActiveCfg = Debug|Win32
		{57F6253E-0305-4DCC-8518-8EC3602EBC25}.Debug.Build.0 = Debug|Win32
		{57F6253E-0305-4DCC-8518-8EC3602EBC25}.Release.ActiveCfg = Release|Win32
		{57F6253E-0305-4DCC-8518-8EC3602EBC25}.Release.Build.0 = Release|Win32
		{142F9885-2394-4272-853E-30DDE221C947}.Debug.ActiveCfg = Debug|Win32
		{142F9885-2394-4272-853E-30DDE221C947}.Debug.Build.0 = Debug|Win32
		{142F9885-2394-4272-853E-30DDE221C947}.Release.ActiveCfg = Release|Win32
		{142F9885-2394-4272-853E-30DDE221C947}.Release.Build.0 = Release|Win32
		{FDE06A07-5884-4B57-BDF8-CE61E6E6FF93}.Debug.ActiveCfg = Debug|Win32
		{FDE06A07-5884-4B57-BDF8-CE61E6E6FF93}.Debug.Build.0 = Debug|Win32
		{FDE06A07-5884-4B57-BDF8-CE61E6E6FF93}.Release.ActiveCfg = Release|Win32
		{FDE06A07-5884-4B57-BDF8-CE61E6E6FF93}.Release.Build.0 = Release|Win32
		{2F0DE34F-6E8C-45C9-B9F5-E30D4704E521}.Debug.ActiveCfg = Debug|Win32
		{2F0DE34F-6E8C-45C9-B9F5-E30D4704E521}.Debug.Build.0 = Debug|Win32
		{2F0DE34F-6E8C-45C9-B9F5-E30D4704E521}.Release.ActiveCfg = Release|Win32
		{2F0DE34F-6E8C-45C9-B9F5-E30D4704E521}.Release.Build.0 = Release|Win32
		{9A6A7E4A-9C83-45AF-84ED-D9B75B67D307}.Debug.ActiveCfg = Debug|Win32
		{9A6A7E4A-9C83-45AF-84ED-D9B75B67D307}.Debug.Build.0 = Debug|Win32
		{9A6A7E4A-9C83-45AF-84ED-D9B75B67D307}.Release.ActiveCfg = Release|Win32
		{9A6A7E4A-9C83-45AF-84ED-D9B75B67D307}.Release.Build.0 = Release|Win32
	EndGlobalSection
	GlobalSection(ExtensibilityGlobals) = postSolution
	EndGlobalSection
	GlobalSection(ExtensibilityAddIns) = postSolution
	EndGlobalSection
EndGlobal
