Microsoft Visual Studio Solution File, Format Version 9.00
# Visual Studio 2005
Project("{8BC9CEB8-8B4A-11D0-8D11-00A0C91BC942}") = "CxImage", "cximage\cximage.vcproj", "{A9F1DC57-4FBD-4E58-B838-C3A850173C6F}"
EndProject
Project("{8BC9CEB8-8B4A-11D0-8D11-00A0C91BC942}") = "CxImageCrtDll", "CxImage\CxImageDLL\CxImageCrtDll.vcproj", "{F41ABE6A-2EEC-4C7F-965C-471AF80560DE}"
	ProjectSection(ProjectDependencies) = postProject
		{9A6A7E4A-9C83-45AF-84ED-D9B75B67D307} = {9A6A7E4A-9C83-45AF-84ED-D9B75B67D307}
		{2F0DE34F-6E8C-45C9-B9F5-E30D4704E521} = {2F0DE34F-6E8C-45C9-B9F5-E30D4704E521}
		{FDE06A07-5884-4B57-BDF8-CE61E6E6FF93} = {FDE06A07-5884-4B57-BDF8-CE61E6E6FF93}
		{142F9885-2394-4272-853E-30DDE221C947} = {142F9885-2394-4272-853E-30DDE221C947}
		{57F6253E-0305-4DCC-8518-8EC3602EBC25} = {57F6253E-0305-4DCC-8518-8EC3602EBC25}
		{365D4EA4-B222-45E9-9165-5C0189B69B21} = {365D4EA4-B222-45E9-9165-5C0189B69B21}
	EndProjectSection
EndProject
Project("{8BC9CEB8-8B4A-11D0-8D11-00A0C91BC942}") = "CxImageMfcDll", "CxImage\CxImageDLL\cximagemfcdll.vcproj", "{B430E95B-A97B-48CE-B3AE-868C96C71F77}"
	ProjectSection(ProjectDependencies) = postProject
		{9A6A7E4A-9C83-45AF-84ED-D9B75B67D307} = {9A6A7E4A-9C83-45AF-84ED-D9B75B67D307}
		{2F0DE34F-6E8C-45C9-B9F5-E30D4704E521} = {2F0DE34F-6E8C-45C9-B9F5-E30D4704E521}
		{FDE06A07-5884-4B57-BDF8-CE61E6E6FF93} = {FDE06A07-5884-4B57-BDF8-CE61E6E6FF93}
		{142F9885-2394-4272-853E-30DDE221C947} = {142F9885-2394-4272-853E-30DDE221C947}
		{57F6253E-0305-4DCC-8518-8EC3602EBC25} = {57F6253E-0305-4DCC-8518-8EC3602EBC25}
		{365D4EA4-B222-45E9-9165-5C0189B69B21} = {365D4EA4-B222-45E9-9165-5C0189B69B21}
	EndProjectSection
EndProject
Project("{8BC9CEB8-8B4A-11D0-8D11-00A0C91BC942}") = "j2k", "j2k\j2k.vcproj", "{365D4EA4-B222-45E9-9165-5C0189B69B21}"
EndProject
Project("{8BC9CEB8-8B4A-11D0-8D11-00A0C91BC942}") = "jasper", "jasper\jasper.vcproj", "{34AFFBAD-97A0-4755-9175-1A42877F4BEE}"
EndProject
Project("{8BC9CEB8-8B4A-11D0-8D11-00A0C91BC942}") = "jbig", "jbig\jbig.vcproj", "{57F6253E-0305-4DCC-8518-8EC3602EBC25}"
EndProject
Project("{8BC9CEB8-8B4A-11D0-8D11-00A0C91BC942}") = "jpeg", "jpeg\Jpeg.vcproj", "{142F9885-2394-4272-853E-30DDE221C947}"
EndProject
Project("{8BC9CEB8-8B4A-11D0-8D11-00A0C91BC942}") = "png", "png\png.vcproj", "{FDE06A07-5884-4B57-BDF8-CE61E6E6FF93}"
EndProject
Project("{8BC9CEB8-8B4A-11D0-8D11-00A0C91BC942}") = "tiff", "tiff\Tiff.vcproj", "{2F0DE34F-6E8C-45C9-B9F5-E30D4704E521}"
EndProject
Project("{8BC9CEB8-8B4A-11D0-8D11-00A0C91BC942}") = "zlib", "zlib\zlib.vcproj", "{9A6A7E4A-9C83-45AF-84ED-D9B75B67D307}"
EndProject
Global
	GlobalSection(SolutionConfigurationPlatforms) = preSolution
		Debug|Win32 = Debug|Win32
		Release|Win32 = Release|Win32
	EndGlobalSection
	GlobalSection(ProjectConfigurationPlatforms) = postSolution
		{A9F1DC57-4FBD-4E58-B838-C3A850173C6F}.Debug|Win32.ActiveCfg = Debug|Win32
		{A9F1DC57-4FBD-4E58-B838-C3A850173C6F}.Release|Win32.ActiveCfg = Release|Win32
		{F41ABE6A-2EEC-4C7F-965C-471AF80560DE}.Debug|Win32.ActiveCfg = Debug|Win32
		{F41ABE6A-2EEC-4C7F-965C-471AF80560DE}.Debug|Win32.Build.0 = Debug|Win32
		{F41ABE6A-2EEC-4C7F-965C-471AF80560DE}.Release|Win32.ActiveCfg = Release|Win32
		{F41ABE6A-2EEC-4C7F-965C-471AF80560DE}.Release|Win32.Build.0 = Release|Win32
		{B430E95B-A97B-48CE-B3AE-868C96C71F77}.Debug|Win32.ActiveCfg = Debug|Win32
		{B430E95B-A97B-48CE-B3AE-868C96C71F77}.Debug|Win32.Build.0 = Debug|Win32
		{B430E95B-A97B-48CE-B3AE-868C96C71F77}.Release|Win32.ActiveCfg = Release|Win32
		{B430E95B-A97B-48CE-B3AE-868C96C71F77}.Release|Win32.Build.0 = Release|Win32
		{365D4EA4-B222-45E9-9165-5C0189B69B21}.Debug|Win32.ActiveCfg = Debug|Win32
		{365D4EA4-B222-45E9-9165-5C0189B69B21}.Debug|Win32.Build.0 = Debug|Win32
		{365D4EA4-B222-45E9-9165-5C0189B69B21}.Release|Win32.ActiveCfg = Release|Win32
		{365D4EA4-B222-45E9-9165-5C0189B69B21}.Release|Win32.Build.0 = Release|Win32
		{34AFFBAD-97A0-4755-9175-1A42877F4BEE}.Debug|Win32.ActiveCfg = Debug|Win32
		{34AFFBAD-97A0-4755-9175-1A42877F4BEE}.Release|Win32.ActiveCfg = Release|Win32
		{57F6253E-0305-4DCC-8518-8EC3602EBC25}.Debug|Win32.ActiveCfg = Debug|Win32
		{57F6253E-0305-4DCC-8518-8EC3602EBC25}.Debug|Win32.Build.0 = Debug|Win32
		{57F6253E-0305-4DCC-8518-8EC3602EBC25}.Release|Win32.ActiveCfg = Release|Win32
		{57F6253E-0305-4DCC-8518-8EC3602EBC25}.Release|Win32.Build.0 = Release|Win32
		{142F9885-2394-4272-853E-30DDE221C947}.Debug|Win32.ActiveCfg = Debug|Win32
		{142F9885-2394-4272-853E-30DDE221C947}.Debug|Win32.Build.0 = Debug|Win32
		{142F9885-2394-4272-853E-30DDE221C947}.Release|Win32.ActiveCfg = Release|Win32
		{142F9885-2394-4272-853E-30DDE221C947}.Release|Win32.Build.0 = Release|Win32
		{FDE06A07-5884-4B57-BDF8-CE61E6E6FF93}.Debug|Win32.ActiveCfg = Debug|Win32
		{FDE06A07-5884-4B57-BDF8-CE61E6E6FF93}.Debug|Win32.Build.0 = Debug|Win32
		{FDE06A07-5884-4B57-BDF8-CE61E6E6FF93}.Release|Win32.ActiveCfg = Release|Win32
		{FDE06A07-5884-4B57-BDF8-CE61E6E6FF93}.Release|Win32.Build.0 = Release|Win32
		{2F0DE34F-6E8C-45C9-B9F5-E30D4704E521}.Debug|Win32.ActiveCfg = Debug|Win32
		{2F0DE34F-6E8C-45C9-B9F5-E30D4704E521}.Debug|Win32.Build.0 = Debug|Win32
		{2F0DE34F-6E8C-45C9-B9F5-E30D4704E521}.Release|Win32.ActiveCfg = Release|Win32
		{2F0DE34F-6E8C-45C9-B9F5-E30D4704E521}.Release|Win32.Build.0 = Release|Win32
		{9A6A7E4A-9C83-45AF-84ED-D9B75B67D307}.Debug|Win32.ActiveCfg = Debug|Win32
		{9A6A7E4A-9C83-45AF-84ED-D9B75B67D307}.Debug|Win32.Build.0 = Debug|Win32
		{9A6A7E4A-9C83-45AF-84ED-D9B75B67D307}.Release|Win32.ActiveCfg = Release|Win32
		{9A6A7E4A-9C83-45AF-84ED-D9B75B67D307}.Release|Win32.Build.0 = Release|Win32
	EndGlobalSection
	GlobalSection(SolutionProperties) = preSolution
		HideSolutionNode = FALSE
	EndGlobalSection
EndGlobal
